// !$*UTF8*$!
{
	archiveVersion = 1;
	classes = {
	};
	objectVersion = 50;
	objects = {

/* Begin PBXBuildFile section */
		1100FD972760F8D9006E7B4D /* AppDelegate.swift in Sources */ = {isa = PBXBuildFile; fileRef = 1100FD962760F8D9006E7B4D /* AppDelegate.swift */; };
		1100FD992760F8D9006E7B4D /* SceneDelegate.swift in Sources */ = {isa = PBXBuildFile; fileRef = 1100FD982760F8D9006E7B4D /* SceneDelegate.swift */; };
		1100FD9B2760F8D9006E7B4D /* ViewController.swift in Sources */ = {isa = PBXBuildFile; fileRef = 1100FD9A2760F8D9006E7B4D /* ViewController.swift */; };
		1100FD9E2760F8D9006E7B4D /* Main.storyboard in Resources */ = {isa = PBXBuildFile; fileRef = 1100FD9C2760F8D9006E7B4D /* Main.storyboard */; };
		1100FDA02760F8DB006E7B4D /* Assets.xcassets in Resources */ = {isa = PBXBuildFile; fileRef = 1100FD9F2760F8DB006E7B4D /* Assets.xcassets */; };
		1100FDA32760F8DB006E7B4D /* LaunchScreen.storyboard in Resources */ = {isa = PBXBuildFile; fileRef = 1100FDA12760F8DB006E7B4D /* LaunchScreen.storyboard */; };
/* End PBXBuildFile section */

/* Begin PBXFileReference section */
		1100FD932760F8D9006E7B4D /* Adding to the Beast List.app */ = {isa = PBXFileReference; explicitFileType = wrapper.application; includeInIndex = 0; path = "Adding to the Beast List.app"; sourceTree = BUILT_PRODUCTS_DIR; };
		1100FD962760F8D9006E7B4D /* AppDelegate.swift */ = {isa = PBXFileReference; lastKnownFileType = sourcecode.swift; path = AppDelegate.swift; sourceTree = "<group>"; };
		1100FD982760F8D9006E7B4D /* SceneDelegate.swift */ = {isa = PBXFileReference; lastKnownFileType = sourcecode.swift; path = SceneDelegate.swift; sourceTree = "<group>"; };
		1100FD9A2760F8D9006E7B4D /* ViewController.swift */ = {isa = PBXFileReference; lastKnownFileType = sourcecode.swift; path = ViewController.swift; sourceTree = "<group>"; };
		1100FD9D2760F8D9006E7B4D /* Base */ = {isa = PBXFileReference; lastKnownFileType = file.storyboard; name = Base; path = Base.lproj/Main.storyboard; sourceTree = "<group>"; };
		1100FD9F2760F8DB006E7B4D /* Assets.xcassets */ = {isa = PBXFileReference; lastKnownFileType = folder.assetcatalog; path = Assets.xcassets; sourceTree = "<group>"; };
		1100FDA22760F8DB006E7B4D /* Base */ = {isa = PBXFileReference; lastKnownFileType = file.storyboard; name = Base; path = Base.lproj/LaunchScreen.storyboard; sourceTree = "<group>"; };
		1100FDA42760F8DB006E7B4D /* Info.plist */ = {isa = PBXFileReference; lastKnownFileType = text.plist.xml; path = Info.plist; sourceTree = "<group>"; };
/* End PBXFileReference section */

/* Begin PBXFrameworksBuildPhase section */
		1100FD902760F8D9006E7B4D /* Frameworks */ = {
			isa = PBXFrameworksBuildPhase;
			buildActionMask = 2147483647;
			files = (
			);
			runOnlyForDeploymentPostprocessing = 0;
		};
/* End PBXFrameworksBuildPhase section */

/* Begin PBXGroup section */
		1100FD8A2760F8D9006E7B4D = {
			isa = PBXGroup;
			children = (
				1100FD952760F8D9006E7B4D /* Adding to the Beast List */,
				1100FD942760F8D9006E7B4D /* Products */,
			);
			sourceTree = "<group>";
		};
		1100FD942760F8D9006E7B4D /* Products */ = {
			isa = PBXGroup;
			children = (
				1100FD932760F8D9006E7B4D /* Adding to the Beast List.app */,
			);
			name = Products;
			sourceTree = "<group>";
		};
		1100FD952760F8D9006E7B4D /* Adding to the Beast List */ = {
			isa = PBXGroup;
			children = (
				1100FD962760F8D9006E7B4D /* AppDelegate.swift */,
				1100FD982760F8D9006E7B4D /* SceneDelegate.swift */,
				1100FD9A2760F8D9006E7B4D /* ViewController.swift */,
				1100FD9C2760F8D9006E7B4D /* Main.storyboard */,
				1100FD9F2760F8DB006E7B4D /* Assets.xcassets */,
				1100FDA12760F8DB006E7B4D /* LaunchScreen.storyboard */,
				1100FDA42760F8DB006E7B4D /* Info.plist */,
			);
			path = "Adding to the Beast List";
			sourceTree = "<group>";
		};
/* End PBXGroup section */

/* Begin PBXNativeTarget section */
		1100FD922760F8D9006E7B4D /* Adding to the Beast List */ = {
			isa = PBXNativeTarget;
			buildConfigurationList = 1100FDA72760F8DB006E7B4D /* Build configuration list for PBXNativeTarget "Adding to the Beast List" */;
			buildPhases = (
				1100FD8F2760F8D9006E7B4D /* Sources */,
				1100FD902760F8D9006E7B4D /* Frameworks */,
				1100FD912760F8D9006E7B4D /* Resources */,
			);
			buildRules = (
			);
			dependencies = (
			);
			name = "Adding to the Beast List";
			productName = "Adding to the Beast List";
			productReference = 1100FD932760F8D9006E7B4D /* Adding to the Beast List.app */;
			productType = "com.apple.product-type.application";
		};
/* End PBXNativeTarget section */

/* Begin PBXProject section */
		1100FD8B2760F8D9006E7B4D /* Project object */ = {
			isa = PBXProject;
			attributes = {
				LastSwiftUpdateCheck = 1120;
				LastUpgradeCheck = 1120;
				ORGANIZATIONNAME = R;
				TargetAttributes = {
					1100FD922760F8D9006E7B4D = {
						CreatedOnToolsVersion = 11.2.1;
					};
				};
			};
			buildConfigurationList = 1100FD8E2760F8D9006E7B4D /* Build configuration list for PBXProject "Adding to the Beast List" */;
			compatibilityVersion = "Xcode 9.3";
			developmentRegion = en;
			hasScannedForEncodings = 0;
			knownRegions = (
				en,
				Base,
			);
			mainGroup = 1100FD8A2760F8D9006E7B4D;
			productRefGroup = 1100FD942760F8D9006E7B4D /* Products */;
			projectDirPath = "";
			projectRoot = "";
			targets = (
				1100FD922760F8D9006E7B4D /* Adding to the Beast List */,
			);
		};
/* End PBXProject section */

/* Begin PBXResourcesBuildPhase section */
		1100FD912760F8D9006E7B4D /* Resources */ = {
			isa = PBXResourcesBuildPhase;
			buildActionMask = 2147483647;
			files = (
				1100FDA32760F8DB006E7B4D /* LaunchScreen.storyboard in Resources */,
				1100FDA02760F8DB006E7B4D /* Assets.xcassets in Resources */,
				1100FD9E2760F8D9006E7B4D /* Main.storyboard in Resources */,
			);
			runOnlyForDeploymentPostprocessing = 0;
		};
/* End PBXResourcesBuildPhase section */

/* Begin PBXSourcesBuildPhase section */
		1100FD8F2760F8D9006E7B4D /* Sources */ = {
			isa = PBXSourcesBuildPhase;
			buildActionMask = 2147483647;
			files = (
				1100FD9B2760F8D9006E7B4D /* ViewController.swift in Sources */,
				1100FD972760F8D9006E7B4D /* AppDelegate.swift in Sources */,
				1100FD992760F8D9006E7B4D /* SceneDelegate.swift in Sources */,
			);
			runOnlyForDeploymentPostprocessing = 0;
		};
/* End PBXSourcesBuildPhase section */

/* Begin PBXVariantGroup section */
		1100FD9C2760F8D9006E7B4D /* Main.storyboard */ = {
			isa = PBXVariantGroup;
			children = (
				1100FD9D2760F8D9006E7B4D /* Base */,
			);
			name = Main.storyboard;
			sourceTree = "<group>";
		};
		1100FDA12760F8DB006E7B4D /* LaunchScreen.storyboard */ = {
			isa = PBXVariantGroup;
			children = (
				1100FDA22760F8DB006E7B4D /* Base */,
			);
			name = LaunchScreen.storyboard;
			sourceTree = "<group>";
		};
/* End PBXVariantGroup section */

/* Begin XCBuildConfiguration section */
		1100FDA52760F8DB006E7B4D /* Debug */ = {
			isa = XCBuildConfiguration;
			buildSettings = {
				ALWAYS_SEARCH_USER_PATHS = NO;
				CLANG_ANALYZER_NONNULL = YES;
				CLANG_ANALYZER_NUMBER_OBJECT_CONVERSION = YES_AGGRESSIVE;
				CLANG_CXX_LANGUAGE_STANDARD = "gnu++14";
				CLANG_CXX_LIBRARY = "libc++";
				CLANG_ENABLE_MODULES = YES;
				CLANG_ENABLE_OBJC_ARC = YES;
				CLANG_ENABLE_OBJC_WEAK = YES;
				CLANG_WARN_BLOCK_CAPTURE_AUTORELEASING = YES;
				CLANG_WARN_BOOL_CONVERSION = YES;
				CLANG_WARN_COMMA = YES;
				CLANG_WARN_CONSTANT_CONVERSION = YES;
				CLANG_WARN_DEPRECATED_OBJC_IMPLEMENTATIONS = YES;
				CLANG_WARN_DIRECT_OBJC_ISA_USAGE = YES_ERROR;
				CLANG_WARN_DOCUMENTATION_COMMENTS = YES;
				CLANG_WARN_EMPTY_BODY = YES;
				CLANG_WARN_ENUM_CONVERSION = YES;
				CLANG_WARN_INFINITE_RECURSION = YES;
				CLANG_WARN_INT_CONVERSION = YES;
				CLANG_WARN_NON_LITERAL_NULL_CONVERSION = YES;
				CLANG_WARN_OBJC_IMPLICIT_RETAIN_SELF = YES;
				CLANG_WARN_OBJC_LITERAL_CONVERSION = YES;
				CLANG_WARN_OBJC_ROOT_CLASS = YES_ERROR;
				CLANG_WARN_RANGE_LOOP_ANALYSIS = YES;
				CLANG_WARN_STRICT_PROTOTYPES = YES;
				CLANG_WARN_SUSPICIOUS_MOVE = YES;
				CLANG_WARN_UNGUARDED_AVAILABILITY = YES_AGGRESSIVE;
				CLANG_WARN_UNREACHABLE_CODE = YES;
				CLANG_WARN__DUPLICATE_METHOD_MATCH = YES;
				COPY_PHASE_STRIP = NO;
				DEBUG_INFORMATION_FORMAT = dwarf;
				ENABLE_STRICT_OBJC_MSGSEND = YES;
				ENABLE_TESTABILITY = YES;
				GCC_C_LANGUAGE_STANDARD = gnu11;
				GCC_DYNAMIC_NO_PIC = NO;
				GCC_NO_COMMON_BLOCKS = YES;
				GCC_OPTIMIZATION_LEVEL = 0;
				GCC_PREPROCESSOR_DEFINITIONS = (
					"DEBUG=1",
					"$(inherited)",
				);
				GCC_WARN_64_TO_32_BIT_CONVERSION = YES;
				GCC_WARN_ABOUT_RETURN_TYPE = YES_ERROR;
				GCC_WARN_UNDECLARED_SELECTOR = YES;
				GCC_WARN_UNINITIALIZED_AUTOS = YES_AGGRESSIVE;
				GCC_WARN_UNUSED_FUNCTION = YES;
				GCC_WARN_UNUSED_VARIABLE = YES;
				IPHONEOS_DEPLOYMENT_TARGET = 13.2;
				MTL_ENABLE_DEBUG_INFO = INCLUDE_SOURCE;
				MTL_FAST_MATH = YES;
				ONLY_ACTIVE_ARCH = YES;
				SDKROOT = iphoneos;
				SWIFT_ACTIVE_COMPILATION_CONDITIONS = DEBUG;
				SWIFT_OPTIMIZATION_LEVEL = "-Onone";
			};
			name = Debug;
		};
		1100FDA62760F8DB006E7B4D /* Release */ = {
			isa = XCBuildConfiguration;
			buildSettings = {
				ALWAYS_SEARCH_USER_PATHS = NO;
				CLANG_ANALYZER_NONNULL = YES;
				CLANG_ANALYZER_NUMBER_OBJECT_CONVERSION = YES_AGGRESSIVE;
				CLANG_CXX_LANGUAGE_STANDARD = "gnu++14";
				CLANG_CXX_LIBRARY = "libc++";
				CLANG_ENABLE_MODULES = YES;
				CLANG_ENABLE_OBJC_ARC = YES;
				CLANG_ENABLE_OBJC_WEAK = YES;
				CLANG_WARN_BLOCK_CAPTURE_AUTORELEASING = YES;
				CLANG_WARN_BOOL_CONVERSION = YES;
				CLANG_WARN_COMMA = YES;
				CLANG_WARN_CONSTANT_CONVERSION = YES;
				CLANG_WARN_DEPRECATED_OBJC_IMPLEMENTATIONS = YES;
				CLANG_WARN_DIRECT_OBJC_ISA_USAGE = YES_ERROR;
				CLANG_WARN_DOCUMENTATION_COMMENTS = YES;
				CLANG_WARN_EMPTY_BODY = YES;
				CLANG_WARN_ENUM_CONVERSION = YES;
				CLANG_WARN_INFINITE_RECURSION = YES;
				CLANG_WARN_INT_CONVERSION = YES;
				CLANG_WARN_NON_LITERAL_NULL_CONVERSION = YES;
				CLANG_WARN_OBJC_IMPLICIT_RETAIN_SELF = YES;
				CLANG_WARN_OBJC_LITERAL_CONVERSION = YES;
				CLANG_WARN_OBJC_ROOT_CLASS = YES_ERROR;
				CLANG_WARN_RANGE_LOOP_ANALYSIS = YES;
				CLANG_WARN_STRICT_PROTOTYPES = YES;
				CLANG_WARN_SUSPICIOUS_MOVE = YES;
				CLANG_WARN_UNGUARDED_AVAILABILITY = YES_AGGRESSIVE;
				CLANG_WARN_UNREACHABLE_CODE = YES;
				CLANG_WARN__DUPLICATE_METHOD_MATCH = YES;
				COPY_PHASE_STRIP = NO;
				DEBUG_INFORMATION_FORMAT = "dwarf-with-dsym";
				ENABLE_NS_ASSERTIONS = NO;
				ENABLE_STRICT_OBJC_MSGSEND = YES;
				GCC_C_LANGUAGE_STANDARD = gnu11;
				GCC_NO_COMMON_BLOCKS = YES;
				GCC_WARN_64_TO_32_BIT_CONVERSION = YES;
				GCC_WARN_ABOUT_RETURN_TYPE = YES_ERROR;
				GCC_WARN_UNDECLARED_SELECTOR = YES;
				GCC_WARN_UNINITIALIZED_AUTOS = YES_AGGRESSIVE;
				GCC_WARN_UNUSED_FUNCTION = YES;
				GCC_WARN_UNUSED_VARIABLE = YES;
				IPHONEOS_DEPLOYMENT_TARGET = 13.2;
				MTL_ENABLE_DEBUG_INFO = NO;
				MTL_FAST_MATH = YES;
				SDKROOT = iphoneos;
				SWIFT_COMPILATION_MODE = wholemodule;
				SWIFT_OPTIMIZATION_LEVEL = "-O";
				VALIDATE_PRODUCT = YES;
			};
			name = Release;
		};
		1100FDA82760F8DB006E7B4D /* Debug */ = {
			isa = XCBuildConfiguration;
			buildSettings = {
				ASSETCATALOG_COMPILER_APPICON_NAME = AppIcon;
				CODE_SIGN_STYLE = Automatic;
				INFOPLIST_FILE = "Adding to the Beast List/Info.plist";
				LD_RUNPATH_SEARCH_PATHS = (
					"$(inherited)",
					"@executable_path/Frameworks",
				);
				PRODUCT_BUNDLE_IDENTIFIER = "r.Adding-to-the-Beast-List";
				PRODUCT_NAME = "$(TARGET_NAME)";
				SWIFT_VERSION = 5.0;
				TARGETED_DEVICE_FAMILY = "1,2";
			};
			name = Debug;
		};
		1100FDA92760F8DB006E7B4D /* Release */ = {
			isa = XCBuildConfiguration;
			buildSettings = {
				ASSETCATALOG_COMPILER_APPICON_NAME = AppIcon;
				CODE_SIGN_STYLE = Automatic;
				INFOPLIST_FILE = "Adding to the Beast List/Info.plist";
				LD_RUNPATH_SEARCH_PATHS = (
					"$(inherited)",
					"@executable_path/Frameworks",
				);
				PRODUCT_BUNDLE_IDENTIFIER = "r.Adding-to-the-Beast-List";
				PRODUCT_NAME = "$(TARGET_NAME)";
				SWIFT_VERSION = 5.0;
				TARGETED_DEVICE_FAMILY = "1,2";
			};
			name = Release;
		};
/* End XCBuildConfiguration section */

/* Begin XCConfigurationList section */
		1100FD8E2760F8D9006E7B4D /* Build configuration list for PBXProject "Adding to the Beast List" */ = {
			isa = XCConfigurationList;
			buildConfigurations = (
				1100FDA52760F8DB006E7B4D /* Debug */,
				1100FDA62760F8DB006E7B4D /* Release */,
			);
			defaultConfigurationIsVisible = 0;
			defaultConfigurationName = Release;
		};
		1100FDA72760F8DB006E7B4D /* Build configuration list for PBXNativeTarget "Adding to the Beast List" */ = {
			isa = XCConfigurationList;
			buildConfigurations = (
				1100FDA82760F8DB006E7B4D /* Debug */,
				1100FDA92760F8DB006E7B4D /* Release */,
			);
			defaultConfigurationIsVisible = 0;
			defaultConfigurationName = Release;
		};
/* End XCConfigurationList section */
	};
	rootObject = 1100FD8B2760F8D9006E7B4D /* Project object */;
}
